// !$*UTF8*$!
{
	archiveVersion = 1;
	classes = {
	};
	objectVersion = 55;
	objects = {

/* Begin PBXBuildFile section */
		64193AC82858E4C60093F16C /* Sample.h in Headers */ = {isa = PBXBuildFile; fileRef = 64193AC72858E4C60093F16C /* Sample.h */; settings = {ATTRIBUTES = (Public, ); }; };
		64193AD72858E4EC0093F16C /* DotNetPlatformChannels.framework in Frameworks */ = {isa = PBXBuildFile; fileRef = 64193AD32858E4DA0093F16C /* DotNetPlatformChannels.framework */; };
		64193AD82858E4EC0093F16C /* DotNetPlatformChannels.framework in Embed Frameworks */ = {isa = PBXBuildFile; fileRef = 64193AD32858E4DA0093F16C /* DotNetPlatformChannels.framework */; settings = {ATTRIBUTES = (CodeSignOnCopy, RemoveHeadersOnCopy, ); }; };
		64193ADB2858E4FE0093F16C /* SampleChannels.swift in Sources */ = {isa = PBXBuildFile; fileRef = 64193ADA2858E4FE0093F16C /* SampleChannels.swift */; };
		64193ADD2858E54D0093F16C /* MathChannel.swift in Sources */ = {isa = PBXBuildFile; fileRef = 64193ADC2858E54D0093F16C /* MathChannel.swift */; };
		64193AEA28596D220093F16C /* LabelViewChannel.swift in Sources */ = {isa = PBXBuildFile; fileRef = 64193AE928596D220093F16C /* LabelViewChannel.swift */; };
/* End PBXBuildFile section */

/* Begin PBXContainerItemProxy section */
		64193AD22858E4DA0093F16C /* PBXContainerItemProxy */ = {
			isa = PBXContainerItemProxy;
			containerPortal = 64193ACE2858E4DA0093F16C /* DotNetPlatformChannels.xcodeproj */;
			proxyType = 2;
			remoteGlobalIDString = 64193A5E2858DF3B0093F16C;
			remoteInfo = DotNetPlatformChannels;
		};
		64193AD42858E4E20093F16C /* PBXContainerItemProxy */ = {
			isa = PBXContainerItemProxy;
			containerPortal = 64193ACE2858E4DA0093F16C /* DotNetPlatformChannels.xcodeproj */;
			proxyType = 1;
			remoteGlobalIDString = 64193A5D2858DF3B0093F16C;
			remoteInfo = DotNetPlatformChannels;
		};
/* End PBXContainerItemProxy section */

/* Begin PBXCopyFilesBuildPhase section */
		64193AD92858E4ED0093F16C /* Embed Frameworks */ = {
			isa = PBXCopyFilesBuildPhase;
			buildActionMask = 2147483647;
			dstPath = "";
			dstSubfolderSpec = 10;
			files = (
				64193AD82858E4EC0093F16C /* DotNetPlatformChannels.framework in Embed Frameworks */,
			);
			name = "Embed Frameworks";
			runOnlyForDeploymentPostprocessing = 0;
		};
/* End PBXCopyFilesBuildPhase section */

/* Begin PBXFileReference section */
		64193AC42858E4C60093F16C /* Sample.framework */ = {isa = PBXFileReference; explicitFileType = wrapper.framework; includeInIndex = 0; path = Sample.framework; sourceTree = BUILT_PRODUCTS_DIR; };
		64193AC72858E4C60093F16C /* Sample.h */ = {isa = PBXFileReference; lastKnownFileType = sourcecode.c.h; path = Sample.h; sourceTree = "<group>"; };
		64193ACE2858E4DA0093F16C /* DotNetPlatformChannels.xcodeproj */ = {isa = PBXFileReference; lastKnownFileType = "wrapper.pb-project"; name = DotNetPlatformChannels.xcodeproj; path = ../DotNetPlatformChannels/DotNetPlatformChannels.xcodeproj; sourceTree = "<group>"; };
		64193ADA2858E4FE0093F16C /* SampleChannels.swift */ = {isa = PBXFileReference; lastKnownFileType = sourcecode.swift; path = SampleChannels.swift; sourceTree = "<group>"; };
		64193ADC2858E54D0093F16C /* MathChannel.swift */ = {isa = PBXFileReference; lastKnownFileType = sourcecode.swift; path = MathChannel.swift; sourceTree = "<group>"; };
		64193AE928596D220093F16C /* LabelViewChannel.swift */ = {isa = PBXFileReference; lastKnownFileType = sourcecode.swift; path = LabelViewChannel.swift; sourceTree = "<group>"; };
/* End PBXFileReference section */

/* Begin PBXFrameworksBuildPhase section */
		64193AC12858E4C60093F16C /* Frameworks */ = {
			isa = PBXFrameworksBuildPhase;
			buildActionMask = 2147483647;
			files = (
				64193AD72858E4EC0093F16C /* DotNetPlatformChannels.framework in Frameworks */,
			);
			runOnlyForDeploymentPostprocessing = 0;
		};
/* End PBXFrameworksBuildPhase section */

/* Begin PBXGroup section */
		64193ABA2858E4C60093F16C = {
			isa = PBXGroup;
			children = (
				64193ACE2858E4DA0093F16C /* DotNetPlatformChannels.xcodeproj */,
				64193AC62858E4C60093F16C /* Sample */,
				64193AC52858E4C60093F16C /* Products */,
				64193AD62858E4EC0093F16C /* Frameworks */,
			);
			sourceTree = "<group>";
		};
		64193AC52858E4C60093F16C /* Products */ = {
			isa = PBXGroup;
			children = (
				64193AC42858E4C60093F16C /* Sample.framework */,
			);
			name = Products;
			sourceTree = "<group>";
		};
		64193AC62858E4C60093F16C /* Sample */ = {
			isa = PBXGroup;
			children = (
				64193AC72858E4C60093F16C /* Sample.h */,
				64193ADA2858E4FE0093F16C /* SampleChannels.swift */,
				64193ADC2858E54D0093F16C /* MathChannel.swift */,
				64193AE928596D220093F16C /* LabelViewChannel.swift */,
			);
			path = Sample;
			sourceTree = "<group>";
		};
		64193ACF2858E4DA0093F16C /* Products */ = {
			isa = PBXGroup;
			children = (
				64193AD32858E4DA0093F16C /* DotNetPlatformChannels.framework */,
			);
			name = Products;
			sourceTree = "<group>";
		};
		64193AD62858E4EC0093F16C /* Frameworks */ = {
			isa = PBXGroup;
			children = (
			);
			name = Frameworks;
			sourceTree = "<group>";
		};
/* End PBXGroup section */

/* Begin PBXHeadersBuildPhase section */
		64193ABF2858E4C60093F16C /* Headers */ = {
			isa = PBXHeadersBuildPhase;
			buildActionMask = 2147483647;
			files = (
				64193AC82858E4C60093F16C /* Sample.h in Headers */,
			);
			runOnlyForDeploymentPostprocessing = 0;
		};
/* End PBXHeadersBuildPhase section */

/* Begin PBXNativeTarget section */
		64193AC32858E4C60093F16C /* Sample */ = {
			isa = PBXNativeTarget;
			buildConfigurationList = 64193ACB2858E4C60093F16C /* Build configuration list for PBXNativeTarget "Sample" */;
			buildPhases = (
				64193ABF2858E4C60093F16C /* Headers */,
				64193AC02858E4C60093F16C /* Sources */,
				64193AC12858E4C60093F16C /* Frameworks */,
				64193AC22858E4C60093F16C /* Resources */,
				64193AD92858E4ED0093F16C /* Embed Frameworks */,
			);
			buildRules = (
			);
			dependencies = (
				64193AD52858E4E20093F16C /* PBXTargetDependency */,
			);
			name = Sample;
			productName = Sample;
			productReference = 64193AC42858E4C60093F16C /* Sample.framework */;
			productType = "com.apple.product-type.framework";
		};
/* End PBXNativeTarget section */

/* Begin PBXProject section */
		64193ABB2858E4C60093F16C /* Project object */ = {
			isa = PBXProject;
			attributes = {
				BuildIndependentTargetsInParallel = 1;
				LastUpgradeCheck = 1330;
				TargetAttributes = {
					64193AC32858E4C60093F16C = {
						CreatedOnToolsVersion = 13.3;
						LastSwiftMigration = 1330;
					};
				};
			};
			buildConfigurationList = 64193ABE2858E4C60093F16C /* Build configuration list for PBXProject "Sample" */;
			compatibilityVersion = "Xcode 13.0";
			developmentRegion = en;
			hasScannedForEncodings = 0;
			knownRegions = (
				en,
				Base,
			);
			mainGroup = 64193ABA2858E4C60093F16C;
			productRefGroup = 64193AC52858E4C60093F16C /* Products */;
			projectDirPath = "";
			projectReferences = (
				{
					ProductGroup = 64193ACF2858E4DA0093F16C /* Products */;
					ProjectRef = 64193ACE2858E4DA0093F16C /* DotNetPlatformChannels.xcodeproj */;
				},
			);
			projectRoot = "";
			targets = (
				64193AC32858E4C60093F16C /* Sample */,
			);
		};
/* End PBXProject section */

/* Begin PBXReferenceProxy section */
		64193AD32858E4DA0093F16C /* DotNetPlatformChannels.framework */ = {
			isa = PBXReferenceProxy;
			fileType = wrapper.framework;
			path = DotNetPlatformChannels.framework;
			remoteRef = 64193AD22858E4DA0093F16C /* PBXContainerItemProxy */;
			sourceTree = BUILT_PRODUCTS_DIR;
		};
/* End PBXReferenceProxy section */

/* Begin PBXResourcesBuildPhase section */
		64193AC22858E4C60093F16C /* Resources */ = {
			isa = PBXResourcesBuildPhase;
			buildActionMask = 2147483647;
			files = (
			);
			runOnlyForDeploymentPostprocessing = 0;
		};
/* End PBXResourcesBuildPhase section */

/* Begin PBXSourcesBuildPhase section */
		64193AC02858E4C60093F16C /* Sources */ = {
			isa = PBXSourcesBuildPhase;
			buildActionMask = 2147483647;
			files = (
				64193ADB2858E4FE0093F16C /* SampleChannels.swift in Sources */,
				64193ADD2858E54D0093F16C /* MathChannel.swift in Sources */,
				64193AEA28596D220093F16C /* LabelViewChannel.swift in Sources */,
			);
			runOnlyForDeploymentPostprocessing = 0;
		};
/* End PBXSourcesBuildPhase section */

/* Begin PBXTargetDependency section */
		64193AD52858E4E20093F16C /* PBXTargetDependency */ = {
			isa = PBXTargetDependency;
			name = DotNetPlatformChannels;
			targetProxy = 64193AD42858E4E20093F16C /* PBXContainerItemProxy */;
		};
/* End PBXTargetDependency section */

/* Begin XCBuildConfiguration section */
		64193AC92858E4C60093F16C /* Debug */ = {
			isa = XCBuildConfiguration;
			buildSettings = {
				ALWAYS_SEARCH_USER_PATHS = NO;
				CLANG_ANALYZER_NONNULL = YES;
				CLANG_ANALYZER_NUMBER_OBJECT_CONVERSION = YES_AGGRESSIVE;
				CLANG_CXX_LANGUAGE_STANDARD = "gnu++17";
				CLANG_ENABLE_MODULES = YES;
				CLANG_ENABLE_OBJC_ARC = YES;
				CLANG_ENABLE_OBJC_WEAK = YES;
				CLANG_WARN_BLOCK_CAPTURE_AUTORELEASING = YES;
				CLANG_WARN_BOOL_CONVERSION = YES;
				CLANG_WARN_COMMA = YES;
				CLANG_WARN_CONSTANT_CONVERSION = YES;
				CLANG_WARN_DEPRECATED_OBJC_IMPLEMENTATIONS = YES;
				CLANG_WARN_DIRECT_OBJC_ISA_USAGE = YES_ERROR;
				CLANG_WARN_DOCUMENTATION_COMMENTS = YES;
				CLANG_WARN_EMPTY_BODY = YES;
				CLANG_WARN_ENUM_CONVERSION = YES;
				CLANG_WARN_INFINITE_RECURSION = YES;
				CLANG_WARN_INT_CONVERSION = YES;
				CLANG_WARN_NON_LITERAL_NULL_CONVERSION = YES;
				CLANG_WARN_OBJC_IMPLICIT_RETAIN_SELF = YES;
				CLANG_WARN_OBJC_LITERAL_CONVERSION = YES;
				CLANG_WARN_OBJC_ROOT_CLASS = YES_ERROR;
				CLANG_WARN_QUOTED_INCLUDE_IN_FRAMEWORK_HEADER = YES;
				CLANG_WARN_RANGE_LOOP_ANALYSIS = YES;
				CLANG_WARN_STRICT_PROTOTYPES = YES;
				CLANG_WARN_SUSPICIOUS_MOVE = YES;
				CLANG_WARN_UNGUARDED_AVAILABILITY = YES_AGGRESSIVE;
				CLANG_WARN_UNREACHABLE_CODE = YES;
				CLANG_WARN__DUPLICATE_METHOD_MATCH = YES;
				COPY_PHASE_STRIP = NO;
				CURRENT_PROJECT_VERSION = 1;
				DEBUG_INFORMATION_FORMAT = dwarf;
				ENABLE_STRICT_OBJC_MSGSEND = YES;
				ENABLE_TESTABILITY = YES;
				GCC_C_LANGUAGE_STANDARD = gnu11;
				GCC_DYNAMIC_NO_PIC = NO;
				GCC_NO_COMMON_BLOCKS = YES;
				GCC_OPTIMIZATION_LEVEL = 0;
				GCC_PREPROCESSOR_DEFINITIONS = (
					"DEBUG=1",
					"$(inherited)",
				);
				GCC_WARN_64_TO_32_BIT_CONVERSION = YES;
				GCC_WARN_ABOUT_RETURN_TYPE = YES_ERROR;
				GCC_WARN_UNDECLARED_SELECTOR = YES;
				GCC_WARN_UNINITIALIZED_AUTOS = YES_AGGRESSIVE;
				GCC_WARN_UNUSED_FUNCTION = YES;
				GCC_WARN_UNUSED_VARIABLE = YES;
				IPHONEOS_DEPLOYMENT_TARGET = 15.4;
				MTL_ENABLE_DEBUG_INFO = INCLUDE_SOURCE;
				MTL_FAST_MATH = YES;
				ONLY_ACTIVE_ARCH = YES;
				SDKROOT = iphoneos;
				SWIFT_ACTIVE_COMPILATION_CONDITIONS = DEBUG;
				SWIFT_OPTIMIZATION_LEVEL = "-Onone";
				VERSIONING_SYSTEM = "apple-generic";
				VERSION_INFO_PREFIX = "";
			};
			name = Debug;
		};
		64193ACA2858E4C60093F16C /* Release */ = {
			isa = XCBuildConfiguration;
			buildSettings = {
				ALWAYS_SEARCH_USER_PATHS = NO;
				CLANG_ANALYZER_NONNULL = YES;
				CLANG_ANALYZER_NUMBER_OBJECT_CONVERSION = YES_AGGRESSIVE;
				CLANG_CXX_LANGUAGE_STANDARD = "gnu++17";
				CLANG_ENABLE_MODULES = YES;
				CLANG_ENABLE_OBJC_ARC = YES;
				CLANG_ENABLE_OBJC_WEAK = YES;
				CLANG_WARN_BLOCK_CAPTURE_AUTORELEASING = YES;
				CLANG_WARN_BOOL_CONVERSION = YES;
				CLANG_WARN_COMMA = YES;
				CLANG_WARN_CONSTANT_CONVERSION = YES;
				CLANG_WARN_DEPRECATED_OBJC_IMPLEMENTATIONS = YES;
				CLANG_WARN_DIRECT_OBJC_ISA_USAGE = YES_ERROR;
				CLANG_WARN_DOCUMENTATION_COMMENTS = YES;
				CLANG_WARN_EMPTY_BODY = YES;
				CLANG_WARN_ENUM_CONVERSION = YES;
				CLANG_WARN_INFINITE_RECURSION = YES;
				CLANG_WARN_INT_CONVERSION = YES;
				CLANG_WARN_NON_LITERAL_NULL_CONVERSION = YES;
				CLANG_WARN_OBJC_IMPLICIT_RETAIN_SELF = YES;
				CLANG_WARN_OBJC_LITERAL_CONVERSION = YES;
				CLANG_WARN_OBJC_ROOT_CLASS = YES_ERROR;
				CLANG_WARN_QUOTED_INCLUDE_IN_FRAMEWORK_HEADER = YES;
				CLANG_WARN_RANGE_LOOP_ANALYSIS = YES;
				CLANG_WARN_STRICT_PROTOTYPES = YES;
				CLANG_WARN_SUSPICIOUS_MOVE = YES;
				CLANG_WARN_UNGUARDED_AVAILABILITY = YES_AGGRESSIVE;
				CLANG_WARN_UNREACHABLE_CODE = YES;
				CLANG_WARN__DUPLICATE_METHOD_MATCH = YES;
				COPY_PHASE_STRIP = NO;
				CURRENT_PROJECT_VERSION = 1;
				DEBUG_INFORMATION_FORMAT = "dwarf-with-dsym";
				ENABLE_NS_ASSERTIONS = NO;
				ENABLE_STRICT_OBJC_MSGSEND = YES;
				GCC_C_LANGUAGE_STANDARD = gnu11;
				GCC_NO_COMMON_BLOCKS = YES;
				GCC_WARN_64_TO_32_BIT_CONVERSION = YES;
				GCC_WARN_ABOUT_RETURN_TYPE = YES_ERROR;
				GCC_WARN_UNDECLARED_SELECTOR = YES;
				GCC_WARN_UNINITIALIZED_AUTOS = YES_AGGRESSIVE;
				GCC_WARN_UNUSED_FUNCTION = YES;
				GCC_WARN_UNUSED_VARIABLE = YES;
				IPHONEOS_DEPLOYMENT_TARGET = 15.4;
				MTL_ENABLE_DEBUG_INFO = NO;
				MTL_FAST_MATH = YES;
				SDKROOT = iphoneos;
				SWIFT_COMPILATION_MODE = wholemodule;
				SWIFT_OPTIMIZATION_LEVEL = "-O";
				VALIDATE_PRODUCT = YES;
				VERSIONING_SYSTEM = "apple-generic";
				VERSION_INFO_PREFIX = "";
			};
			name = Release;
		};
		64193ACC2858E4C60093F16C /* Debug */ = {
			isa = XCBuildConfiguration;
			buildSettings = {
				CLANG_ENABLE_MODULES = YES;
				CODE_SIGN_STYLE = Automatic;
				CURRENT_PROJECT_VERSION = 1;
				DEFINES_MODULE = YES;
				DEVELOPMENT_TEAM = 85HMA3YHJX;
				DYLIB_COMPATIBILITY_VERSION = 1;
				DYLIB_CURRENT_VERSION = 1;
				DYLIB_INSTALL_NAME_BASE = "@rpath";
				GENERATE_INFOPLIST_FILE = YES;
				INFOPLIST_KEY_NSHumanReadableCopyright = "";
				INSTALL_PATH = "$(LOCAL_LIBRARY_DIR)/Frameworks";
				LD_RUNPATH_SEARCH_PATHS = (
					"$(inherited)",
					"@executable_path/Frameworks",
					"@loader_path/Frameworks",
				);
				MARKETING_VERSION = 1.0;
				PRODUCT_BUNDLE_IDENTIFIER = com.microsoft.net.platformchannels.Sample;
				PRODUCT_NAME = "$(TARGET_NAME:c99extidentifier)";
				SKIP_INSTALL = YES;
				SWIFT_EMIT_LOC_STRINGS = YES;
				SWIFT_OPTIMIZATION_LEVEL = "-Onone";
				SWIFT_VERSION = 5.0;
				TARGETED_DEVICE_FAMILY = "1,2";
			};
			name = Debug;
		};
		64193ACD2858E4C60093F16C /* Release */ = {
			isa = XCBuildConfiguration;
			buildSettings = {
				CLANG_ENABLE_MODULES = YES;
				CODE_SIGN_STYLE = Automatic;
				CURRENT_PROJECT_VERSION = 1;
				DEFINES_MODULE = YES;
				DEVELOPMENT_TEAM = 85HMA3YHJX;
				DYLIB_COMPATIBILITY_VERSION = 1;
				DYLIB_CURRENT_VERSION = 1;
				DYLIB_INSTALL_NAME_BASE = "@rpath";
				GENERATE_INFOPLIST_FILE = YES;
				INFOPLIST_KEY_NSHumanReadableCopyright = "";
				INSTALL_PATH = "$(LOCAL_LIBRARY_DIR)/Frameworks";
				LD_RUNPATH_SEARCH_PATHS = (
					"$(inherited)",
					"@executable_path/Frameworks",
					"@loader_path/Frameworks",
				);
				MARKETING_VERSION = 1.0;
				PRODUCT_BUNDLE_IDENTIFIER = com.microsoft.net.platformchannels.Sample;
				PRODUCT_NAME = "$(TARGET_NAME:c99extidentifier)";
				SKIP_INSTALL = YES;
				SWIFT_EMIT_LOC_STRINGS = YES;
				SWIFT_VERSION = 5.0;
				TARGETED_DEVICE_FAMILY = "1,2";
			};
			name = Release;
		};
/* End XCBuildConfiguration section */

/* Begin XCConfigurationList section */
		64193ABE2858E4C60093F16C /* Build configuration list for PBXProject "Sample" */ = {
			isa = XCConfigurationList;
			buildConfigurations = (
				64193AC92858E4C60093F16C /* Debug */,
				64193ACA2858E4C60093F16C /* Release */,
			);
			defaultConfigurationIsVisible = 0;
			defaultConfigurationName = Release;
		};
		64193ACB2858E4C60093F16C /* Build configuration list for PBXNativeTarget "Sample" */ = {
			isa = XCConfigurationList;
			buildConfigurations = (
				64193ACC2858E4C60093F16C /* Debug */,
				64193ACD2858E4C60093F16C /* Release */,
			);
			defaultConfigurationIsVisible = 0;
			defaultConfigurationName = Release;
		};
/* End XCConfigurationList section */
	};
	rootObject = 64193ABB2858E4C60093F16C /* Project object */;
}
