
Microsoft Visual Studio Solution File, Format Version 12.00
# Visual Studio Version 17
VisualStudioVersion = 17.1.31926.33
MinimumVisualStudioVersion = 10.0.40219.1
Project("{9A19103F-16F7-4668-BE54-9A1E7A4F7556}") = "Microsoft.PlatformChannels.Binding", "Microsoft.PlatformChannels.Binding\Microsoft.PlatformChannels.Binding.csproj", "{5F028E21-CFCE-48A0-83FC-E53F094808AF}"
EndProject
Project("{9A19103F-16F7-4668-BE54-9A1E7A4F7556}") = "Microsoft.PlatformChannels", "Microsoft.PlatformChannels\Microsoft.PlatformChannels.csproj", "{4700CEB1-A425-4144-B63C-4757AC25514A}"
EndProject
Project("{9A19103F-16F7-4668-BE54-9A1E7A4F7556}") = "Microsoft.Maui.PlatformChannels", "Microsoft.Maui.PlatformChannels\Microsoft.Maui.PlatformChannels.csproj", "{A74DED1A-4078-438C-9282-50EC98E7267B}"
EndProject
Project("{9A19103F-16F7-4668-BE54-9A1E7A4F7556}") = "SamplePlatformChannels", "SamplePlatformChannels\SamplePlatformChannels.csproj", "{834B856B-C4E0-4600-AAD3-A87B4F8A0AC6}"
EndProject
Global
	GlobalSection(SolutionConfigurationPlatforms) = preSolution
		Debug|Any CPU = Debug|Any CPU
		Release|Any CPU = Release|Any CPU
	EndGlobalSection
	GlobalSection(ProjectConfigurationPlatforms) = postSolution
		{5F028E21-CFCE-48A0-83FC-E53F094808AF}.Debug|Any CPU.ActiveCfg = Debug|Any CPU
		{5F028E21-CFCE-48A0-83FC-E53F094808AF}.Debug|Any CPU.Build.0 = Debug|Any CPU
		{5F028E21-CFCE-48A0-83FC-E53F094808AF}.Release|Any CPU.ActiveCfg = Release|Any CPU
		{5F028E21-CFCE-48A0-83FC-E53F094808AF}.Release|Any CPU.Build.0 = Release|Any CPU
		{4700CEB1-A425-4144-B63C-4757AC25514A}.Debug|Any CPU.ActiveCfg = Debug|Any CPU
		{4700CEB1-A425-4144-B63C-4757AC25514A}.Debug|Any CPU.Build.0 = Debug|Any CPU
		{4700CEB1-A425-4144-B63C-4757AC25514A}.Release|Any CPU.ActiveCfg = Release|Any CPU
		{4700CEB1-A425-4144-B63C-4757AC25514A}.Release|Any CPU.Build.0 = Release|Any CPU
		{A74DED1A-4078-438C-9282-50EC98E7267B}.Debug|Any CPU.ActiveCfg = Debug|Any CPU
		{A74DED1A-4078-438C-9282-50EC98E7267B}.Debug|Any CPU.Build.0 = Debug|Any CPU
		{A74DED1A-4078-438C-9282-50EC98E7267B}.Release|Any CPU.ActiveCfg = Release|Any CPU
		{A74DED1A-4078-438C-9282-50EC98E7267B}.Release|Any CPU.Build.0 = Release|Any CPU
		{834B856B-C4E0-4600-AAD3-A87B4F8A0AC6}.Debug|Any CPU.ActiveCfg = Debug|Any CPU
		{834B856B-C4E0-4600-AAD3-A87B4F8A0AC6}.Debug|Any CPU.Build.0 = Debug|Any CPU
		{834B856B-C4E0-4600-AAD3-A87B4F8A0AC6}.Debug|Any CPU.Deploy.0 = Debug|Any CPU
		{834B856B-C4E0-4600-AAD3-A87B4F8A0AC6}.Release|Any CPU.ActiveCfg = Release|Any CPU
		{834B856B-C4E0-4600-AAD3-A87B4F8A0AC6}.Release|Any CPU.Build.0 = Release|Any CPU
		{834B856B-C4E0-4600-AAD3-A87B4F8A0AC6}.Release|Any CPU.Deploy.0 = Release|Any CPU
	EndGlobalSection
	GlobalSection(SolutionProperties) = preSolution
		HideSolutionNode = FALSE
	EndGlobalSection
	GlobalSection(ExtensibilityGlobals) = postSolution
		SolutionGuid = {F6B72FBB-AD8F-4371-94B5-63E1CD9A2CD6}
	EndGlobalSection
EndGlobal
